
Microsoft Visual Studio Solution File, Format Version 12.00
# Visual Studio Version 16
VisualStudioVersion = 16.0.30413.136
MinimumVisualStudioVersion = 10.0.40219.1
Project("{FAE04EC0-301F-11D3-BF4B-00C04F79EFBC}") = "kontroltoo1_Rolan_Maslennikov", "kontroltoo1_Rolan_Maslennikov.csproj", "{ED8EABC8-A267-4873-AD3A-609073446370}"
EndProject
Global
	GlobalSection(SolutionConfigurationPlatforms) = preSolution
		Debug|Any CPU = Debug|Any CPU
		Release|Any CPU = Release|Any CPU
	EndGlobalSection
	GlobalSection(ProjectConfigurationPlatforms) = postSolution
		{ED8EABC8-A267-4873-AD3A-609073446370}.Debug|Any CPU.ActiveCfg = Debug|Any CPU
		{ED8EABC8-A267-4873-AD3A-609073446370}.Debug|Any CPU.Build.0 = Debug|Any CPU
		{ED8EABC8-A267-4873-AD3A-609073446370}.Release|Any CPU.ActiveCfg = Release|Any CPU
		{ED8EABC8-A267-4873-AD3A-609073446370}.Release|Any CPU.Build.0 = Release|Any CPU
	EndGlobalSection
	GlobalSection(SolutionProperties) = preSolution
		HideSolutionNode = FALSE
	EndGlobalSection
	GlobalSection(ExtensibilityGlobals) = postSolution
		SolutionGuid = {B9975EF0-8891-44EC-BB36-7BFFBDB6F061}
	EndGlobalSection
EndGlobal
